
Microsoft Visual Studio Solution File, Format Version 12.00
# Visual Studio Version 17
VisualStudioVersion = 17.7.34202.233
MinimumVisualStudioVersion = 10.0.40219.1
Project("{FAE04EC0-301F-11D3-BF4B-00C04F79EFBC}") = "FuncionariosApp.Services", "FuncionariosApp.Services\FuncionariosApp.Services.csproj", "{F53B7FD9-84FF-443E-9BDF-B81CCF8F6C36}"
EndProject
Project("{2150E333-8FDC-42A3-9474-1A3956D46DE8}") = "1 - Camada de serviços", "1 - Camada de serviços", "{E1D54F48-D5AD-4E61-BDB9-B8B5E205C3BC}"
EndProject
Project("{2150E333-8FDC-42A3-9474-1A3956D46DE8}") = "2 - Camada de domínio", "2 - Camada de domínio", "{71E48E63-1A6E-4BAA-BFA6-3528BCBBC46D}"
EndProject
Project("{2150E333-8FDC-42A3-9474-1A3956D46DE8}") = "3 - Camada de infraestrutura", "3 - Camada de infraestrutura", "{792B65C8-27CC-49CA-B8D8-97D997CBE961}"
EndProject
Project("{FAE04EC0-301F-11D3-BF4B-00C04F79EFBC}") = "FuncionariosApp.Domain", "FuncionariosApp.Domain\FuncionariosApp.Domain.csproj", "{4416BE7B-AAE8-4C45-8C6B-0B56C8D8707E}"
EndProject
Project("{FAE04EC0-301F-11D3-BF4B-00C04F79EFBC}") = "FuncionariosApp.Infra.Data", "FuncionariosApp.Infra.Data\FuncionariosApp.Infra.Data.csproj", "{6560F3A0-C492-473B-B59C-0644C6197824}"
EndProject
Global
	GlobalSection(SolutionConfigurationPlatforms) = preSolution
		Debug|Any CPU = Debug|Any CPU
		Release|Any CPU = Release|Any CPU
	EndGlobalSection
	GlobalSection(ProjectConfigurationPlatforms) = postSolution
		{F53B7FD9-84FF-443E-9BDF-B81CCF8F6C36}.Debug|Any CPU.ActiveCfg = Debug|Any CPU
		{F53B7FD9-84FF-443E-9BDF-B81CCF8F6C36}.Debug|Any CPU.Build.0 = Debug|Any CPU
		{F53B7FD9-84FF-443E-9BDF-B81CCF8F6C36}.Release|Any CPU.ActiveCfg = Release|Any CPU
		{F53B7FD9-84FF-443E-9BDF-B81CCF8F6C36}.Release|Any CPU.Build.0 = Release|Any CPU
		{4416BE7B-AAE8-4C45-8C6B-0B56C8D8707E}.Debug|Any CPU.ActiveCfg = Debug|Any CPU
		{4416BE7B-AAE8-4C45-8C6B-0B56C8D8707E}.Debug|Any CPU.Build.0 = Debug|Any CPU
		{4416BE7B-AAE8-4C45-8C6B-0B56C8D8707E}.Release|Any CPU.ActiveCfg = Release|Any CPU
		{4416BE7B-AAE8-4C45-8C6B-0B56C8D8707E}.Release|Any CPU.Build.0 = Release|Any CPU
		{6560F3A0-C492-473B-B59C-0644C6197824}.Debug|Any CPU.ActiveCfg = Debug|Any CPU
		{6560F3A0-C492-473B-B59C-0644C6197824}.Debug|Any CPU.Build.0 = Debug|Any CPU
		{6560F3A0-C492-473B-B59C-0644C6197824}.Release|Any CPU.ActiveCfg = Release|Any CPU
		{6560F3A0-C492-473B-B59C-0644C6197824}.Release|Any CPU.Build.0 = Release|Any CPU
	EndGlobalSection
	GlobalSection(SolutionProperties) = preSolution
		HideSolutionNode = FALSE
	EndGlobalSection
	GlobalSection(NestedProjects) = preSolution
		{F53B7FD9-84FF-443E-9BDF-B81CCF8F6C36} = {E1D54F48-D5AD-4E61-BDB9-B8B5E205C3BC}
		{4416BE7B-AAE8-4C45-8C6B-0B56C8D8707E} = {71E48E63-1A6E-4BAA-BFA6-3528BCBBC46D}
		{6560F3A0-C492-473B-B59C-0644C6197824} = {792B65C8-27CC-49CA-B8D8-97D997CBE961}
	EndGlobalSection
	GlobalSection(ExtensibilityGlobals) = postSolution
		SolutionGuid = {E9B863F6-EA6D-4DD9-8C30-460508D5C8F2}
	EndGlobalSection
EndGlobal
